// !$*UTF8*$!
{
	archiveVersion = 1;
	classes = {
	};
	objectVersion = 55;
	objects = {

/* Begin PBXBuildFile section */
		4E07DA3B281BA39D0097240E /* ReadingListCollectionViewCell.swift in Sources */ = {isa = PBXBuildFile; fileRef = 4E07DA39281BA39D0097240E /* ReadingListCollectionViewCell.swift */; };
		4E07DA3C281BA39D0097240E /* ReadingListCollectionViewCell.xib in Resources */ = {isa = PBXBuildFile; fileRef = 4E07DA3A281BA39D0097240E /* ReadingListCollectionViewCell.xib */; };
		4E07DA3E281BC93F0097240E /* FinishedCollectionViewController.swift in Sources */ = {isa = PBXBuildFile; fileRef = 4E07DA3D281BC93F0097240E /* FinishedCollectionViewController.swift */; };
		4E07DA40281BC97D0097240E /* FinishedCollectionViewCell.swift in Sources */ = {isa = PBXBuildFile; fileRef = 4E07DA3F281BC97D0097240E /* FinishedCollectionViewCell.swift */; };
		4E63ED35281964DC005C5754 /* tapBar.storyboard in Resources */ = {isa = PBXBuildFile; fileRef = 4E63ED34281964DC005C5754 /* tapBar.storyboard */; };
		4EB24BD128199744009A43A9 /* TableViewController.swift in Sources */ = {isa = PBXBuildFile; fileRef = 4EB24BD028199744009A43A9 /* TableViewController.swift */; };
		4ECEC600281A9761007FAA87 /* InProgressCollectionViewCell.swift in Sources */ = {isa = PBXBuildFile; fileRef = 4ECEC5FF281A9761007FAA87 /* InProgressCollectionViewCell.swift */; };
		4ECEC602281A9829007FAA87 /* InProgressCollectionViewController.swift in Sources */ = {isa = PBXBuildFile; fileRef = 4ECEC601281A9829007FAA87 /* InProgressCollectionViewController.swift */; };
		4ECEC604281AE4B3007FAA87 /* Book.swift in Sources */ = {isa = PBXBuildFile; fileRef = 4ECEC603281AE4B3007FAA87 /* Book.swift */; };
		4EF9C6682819143D00BEF2B5 /* AppDelegate.swift in Sources */ = {isa = PBXBuildFile; fileRef = 4EF9C6672819143D00BEF2B5 /* AppDelegate.swift */; };
		4EF9C66A2819143D00BEF2B5 /* SceneDelegate.swift in Sources */ = {isa = PBXBuildFile; fileRef = 4EF9C6692819143D00BEF2B5 /* SceneDelegate.swift */; };
		4EF9C66C2819143D00BEF2B5 /* ViewController.swift in Sources */ = {isa = PBXBuildFile; fileRef = 4EF9C66B2819143D00BEF2B5 /* ViewController.swift */; };
		4EF9C66F2819143D00BEF2B5 /* Main.storyboard in Resources */ = {isa = PBXBuildFile; fileRef = 4EF9C66D2819143D00BEF2B5 /* Main.storyboard */; };
		4EF9C6712819143F00BEF2B5 /* Assets.xcassets in Resources */ = {isa = PBXBuildFile; fileRef = 4EF9C6702819143F00BEF2B5 /* Assets.xcassets */; };
		4EF9C6742819143F00BEF2B5 /* LaunchScreen.storyboard in Resources */ = {isa = PBXBuildFile; fileRef = 4EF9C6722819143F00BEF2B5 /* LaunchScreen.storyboard */; };
		4EF9C67F2819143F00BEF2B5 /* BookwormTests.swift in Sources */ = {isa = PBXBuildFile; fileRef = 4EF9C67E2819143F00BEF2B5 /* BookwormTests.swift */; };
		4EF9C6892819143F00BEF2B5 /* BookwormUITests.swift in Sources */ = {isa = PBXBuildFile; fileRef = 4EF9C6882819143F00BEF2B5 /* BookwormUITests.swift */; };
		4EF9C68B2819143F00BEF2B5 /* BookwormUITestsLaunchTests.swift in Sources */ = {isa = PBXBuildFile; fileRef = 4EF9C68A2819143F00BEF2B5 /* BookwormUITestsLaunchTests.swift */; };
/* End PBXBuildFile section */

/* Begin PBXContainerItemProxy section */
		4EF9C67B2819143F00BEF2B5 /* PBXContainerItemProxy */ = {
			isa = PBXContainerItemProxy;
			containerPortal = 4EF9C65C2819143D00BEF2B5 /* Project object */;
			proxyType = 1;
			remoteGlobalIDString = 4EF9C6632819143D00BEF2B5;
			remoteInfo = Bookworm;
		};
		4EF9C6852819143F00BEF2B5 /* PBXContainerItemProxy */ = {
			isa = PBXContainerItemProxy;
			containerPortal = 4EF9C65C2819143D00BEF2B5 /* Project object */;
			proxyType = 1;
			remoteGlobalIDString = 4EF9C6632819143D00BEF2B5;
			remoteInfo = Bookworm;
		};
/* End PBXContainerItemProxy section */

/* Begin PBXFileReference section */
		4E07DA39281BA39D0097240E /* ReadingListCollectionViewCell.swift */ = {isa = PBXFileReference; lastKnownFileType = sourcecode.swift; path = ReadingListCollectionViewCell.swift; sourceTree = "<group>"; };
		4E07DA3A281BA39D0097240E /* ReadingListCollectionViewCell.xib */ = {isa = PBXFileReference; lastKnownFileType = file.xib; path = ReadingListCollectionViewCell.xib; sourceTree = "<group>"; };
		4E07DA3D281BC93F0097240E /* FinishedCollectionViewController.swift */ = {isa = PBXFileReference; lastKnownFileType = sourcecode.swift; path = FinishedCollectionViewController.swift; sourceTree = "<group>"; };
		4E07DA3F281BC97D0097240E /* FinishedCollectionViewCell.swift */ = {isa = PBXFileReference; lastKnownFileType = sourcecode.swift; path = FinishedCollectionViewCell.swift; sourceTree = "<group>"; };
		4E63ED34281964DC005C5754 /* tapBar.storyboard */ = {isa = PBXFileReference; fileEncoding = 4; lastKnownFileType = file.storyboard; path = tapBar.storyboard; sourceTree = "<group>"; };
		4EB24BD028199744009A43A9 /* TableViewController.swift */ = {isa = PBXFileReference; lastKnownFileType = sourcecode.swift; name = TableViewController.swift; path = ../TableViewController.swift; sourceTree = "<group>"; };
		4ECEC5FF281A9761007FAA87 /* InProgressCollectionViewCell.swift */ = {isa = PBXFileReference; lastKnownFileType = sourcecode.swift; path = InProgressCollectionViewCell.swift; sourceTree = "<group>"; };
		4ECEC601281A9829007FAA87 /* InProgressCollectionViewController.swift */ = {isa = PBXFileReference; lastKnownFileType = sourcecode.swift; path = InProgressCollectionViewController.swift; sourceTree = "<group>"; };
		4ECEC603281AE4B3007FAA87 /* Book.swift */ = {isa = PBXFileReference; lastKnownFileType = sourcecode.swift; path = Book.swift; sourceTree = "<group>"; };
		4EF9C6642819143D00BEF2B5 /* Bookworm.app */ = {isa = PBXFileReference; explicitFileType = wrapper.application; includeInIndex = 0; path = Bookworm.app; sourceTree = BUILT_PRODUCTS_DIR; };
		4EF9C6672819143D00BEF2B5 /* AppDelegate.swift */ = {isa = PBXFileReference; lastKnownFileType = sourcecode.swift; path = AppDelegate.swift; sourceTree = "<group>"; };
		4EF9C6692819143D00BEF2B5 /* SceneDelegate.swift */ = {isa = PBXFileReference; lastKnownFileType = sourcecode.swift; path = SceneDelegate.swift; sourceTree = "<group>"; };
		4EF9C66B2819143D00BEF2B5 /* ViewController.swift */ = {isa = PBXFileReference; lastKnownFileType = sourcecode.swift; path = ViewController.swift; sourceTree = "<group>"; };
		4EF9C66E2819143D00BEF2B5 /* Base */ = {isa = PBXFileReference; lastKnownFileType = file.storyboard; name = Base; path = Base.lproj/Main.storyboard; sourceTree = "<group>"; };
		4EF9C6702819143F00BEF2B5 /* Assets.xcassets */ = {isa = PBXFileReference; lastKnownFileType = folder.assetcatalog; path = Assets.xcassets; sourceTree = "<group>"; };
		4EF9C6732819143F00BEF2B5 /* Base */ = {isa = PBXFileReference; lastKnownFileType = file.storyboard; name = Base; path = Base.lproj/LaunchScreen.storyboard; sourceTree = "<group>"; };
		4EF9C6752819143F00BEF2B5 /* Info.plist */ = {isa = PBXFileReference; lastKnownFileType = text.plist.xml; path = Info.plist; sourceTree = "<group>"; };
		4EF9C67A2819143F00BEF2B5 /* BookwormTests.xctest */ = {isa = PBXFileReference; explicitFileType = wrapper.cfbundle; includeInIndex = 0; path = BookwormTests.xctest; sourceTree = BUILT_PRODUCTS_DIR; };
		4EF9C67E2819143F00BEF2B5 /* BookwormTests.swift */ = {isa = PBXFileReference; lastKnownFileType = sourcecode.swift; path = BookwormTests.swift; sourceTree = "<group>"; };
		4EF9C6842819143F00BEF2B5 /* BookwormUITests.xctest */ = {isa = PBXFileReference; explicitFileType = wrapper.cfbundle; includeInIndex = 0; path = BookwormUITests.xctest; sourceTree = BUILT_PRODUCTS_DIR; };
		4EF9C6882819143F00BEF2B5 /* BookwormUITests.swift */ = {isa = PBXFileReference; lastKnownFileType = sourcecode.swift; path = BookwormUITests.swift; sourceTree = "<group>"; };
		4EF9C68A2819143F00BEF2B5 /* BookwormUITestsLaunchTests.swift */ = {isa = PBXFileReference; lastKnownFileType = sourcecode.swift; path = BookwormUITestsLaunchTests.swift; sourceTree = "<group>"; };
/* End PBXFileReference section */

/* Begin PBXFrameworksBuildPhase section */
		4EF9C6612819143D00BEF2B5 /* Frameworks */ = {
			isa = PBXFrameworksBuildPhase;
			buildActionMask = 2147483647;
			files = (
			);
			runOnlyForDeploymentPostprocessing = 0;
		};
		4EF9C6772819143F00BEF2B5 /* Frameworks */ = {
			isa = PBXFrameworksBuildPhase;
			buildActionMask = 2147483647;
			files = (
			);
			runOnlyForDeploymentPostprocessing = 0;
		};
		4EF9C6812819143F00BEF2B5 /* Frameworks */ = {
			isa = PBXFrameworksBuildPhase;
			buildActionMask = 2147483647;
			files = (
			);
			runOnlyForDeploymentPostprocessing = 0;
		};
/* End PBXFrameworksBuildPhase section */

/* Begin PBXGroup section */
		4EF9C65B2819143D00BEF2B5 = {
			isa = PBXGroup;
			children = (
				4EF9C6662819143D00BEF2B5 /* Bookworm */,
				4EF9C67D2819143F00BEF2B5 /* BookwormTests */,
				4EF9C6872819143F00BEF2B5 /* BookwormUITests */,
				4EF9C6652819143D00BEF2B5 /* Products */,
			);
			sourceTree = "<group>";
		};
		4EF9C6652819143D00BEF2B5 /* Products */ = {
			isa = PBXGroup;
			children = (
				4EF9C6642819143D00BEF2B5 /* Bookworm.app */,
				4EF9C67A2819143F00BEF2B5 /* BookwormTests.xctest */,
				4EF9C6842819143F00BEF2B5 /* BookwormUITests.xctest */,
			);
			name = Products;
			sourceTree = "<group>";
		};
		4EF9C6662819143D00BEF2B5 /* Bookworm */ = {
			isa = PBXGroup;
			children = (
				4EF9C6672819143D00BEF2B5 /* AppDelegate.swift */,
				4EB24BD028199744009A43A9 /* TableViewController.swift */,
				4EF9C6692819143D00BEF2B5 /* SceneDelegate.swift */,
				4EF9C66B2819143D00BEF2B5 /* ViewController.swift */,
				4EF9C66D2819143D00BEF2B5 /* Main.storyboard */,
				4E07DA3F281BC97D0097240E /* FinishedCollectionViewCell.swift */,
				4E07DA3D281BC93F0097240E /* FinishedCollectionViewController.swift */,
				4E07DA39281BA39D0097240E /* ReadingListCollectionViewCell.swift */,
				4E07DA3A281BA39D0097240E /* ReadingListCollectionViewCell.xib */,
				4ECEC601281A9829007FAA87 /* InProgressCollectionViewController.swift */,
				4ECEC603281AE4B3007FAA87 /* Book.swift */,
				4ECEC5FF281A9761007FAA87 /* InProgressCollectionViewCell.swift */,
				4EF9C6702819143F00BEF2B5 /* Assets.xcassets */,
				4EF9C6722819143F00BEF2B5 /* LaunchScreen.storyboard */,
				4EF9C6752819143F00BEF2B5 /* Info.plist */,
			);
			path = Bookworm;
			sourceTree = "<group>";
		};
		4EF9C67D2819143F00BEF2B5 /* BookwormTests */ = {
			isa = PBXGroup;
			children = (
				4EF9C67E2819143F00BEF2B5 /* BookwormTests.swift */,
			);
			path = BookwormTests;
			sourceTree = "<group>";
		};
		4EF9C6872819143F00BEF2B5 /* BookwormUITests */ = {
			isa = PBXGroup;
			children = (
				4EF9C6882819143F00BEF2B5 /* BookwormUITests.swift */,
				4EF9C68A2819143F00BEF2B5 /* BookwormUITestsLaunchTests.swift */,
				4E63ED34281964DC005C5754 /* tapBar.storyboard */,
			);
			path = BookwormUITests;
			sourceTree = "<group>";
		};
/* End PBXGroup section */

/* Begin PBXNativeTarget section */
		4EF9C6632819143D00BEF2B5 /* Bookworm */ = {
			isa = PBXNativeTarget;
			buildConfigurationList = 4EF9C68E2819143F00BEF2B5 /* Build configuration list for PBXNativeTarget "Bookworm" */;
			buildPhases = (
				4EF9C6602819143D00BEF2B5 /* Sources */,
				4EF9C6612819143D00BEF2B5 /* Frameworks */,
				4EF9C6622819143D00BEF2B5 /* Resources */,
			);
			buildRules = (
			);
			dependencies = (
			);
			name = Bookworm;
			productName = Bookworm;
			productReference = 4EF9C6642819143D00BEF2B5 /* Bookworm.app */;
			productType = "com.apple.product-type.application";
		};
		4EF9C6792819143F00BEF2B5 /* BookwormTests */ = {
			isa = PBXNativeTarget;
			buildConfigurationList = 4EF9C6912819143F00BEF2B5 /* Build configuration list for PBXNativeTarget "BookwormTests" */;
			buildPhases = (
				4EF9C6762819143F00BEF2B5 /* Sources */,
				4EF9C6772819143F00BEF2B5 /* Frameworks */,
				4EF9C6782819143F00BEF2B5 /* Resources */,
			);
			buildRules = (
			);
			dependencies = (
				4EF9C67C2819143F00BEF2B5 /* PBXTargetDependency */,
			);
			name = BookwormTests;
			productName = BookwormTests;
			productReference = 4EF9C67A2819143F00BEF2B5 /* BookwormTests.xctest */;
			productType = "com.apple.product-type.bundle.unit-test";
		};
		4EF9C6832819143F00BEF2B5 /* BookwormUITests */ = {
			isa = PBXNativeTarget;
			buildConfigurationList = 4EF9C6942819143F00BEF2B5 /* Build configuration list for PBXNativeTarget "BookwormUITests" */;
			buildPhases = (
				4EF9C6802819143F00BEF2B5 /* Sources */,
				4EF9C6812819143F00BEF2B5 /* Frameworks */,
				4EF9C6822819143F00BEF2B5 /* Resources */,
			);
			buildRules = (
			);
			dependencies = (
				4EF9C6862819143F00BEF2B5 /* PBXTargetDependency */,
			);
			name = BookwormUITests;
			productName = BookwormUITests;
			productReference = 4EF9C6842819143F00BEF2B5 /* BookwormUITests.xctest */;
			productType = "com.apple.product-type.bundle.ui-testing";
		};
/* End PBXNativeTarget section */

/* Begin PBXProject section */
		4EF9C65C2819143D00BEF2B5 /* Project object */ = {
			isa = PBXProject;
			attributes = {
				BuildIndependentTargetsInParallel = 1;
				LastSwiftUpdateCheck = 1330;
				LastUpgradeCheck = 1330;
				TargetAttributes = {
					4EF9C6632819143D00BEF2B5 = {
						CreatedOnToolsVersion = 13.3.1;
					};
					4EF9C6792819143F00BEF2B5 = {
						CreatedOnToolsVersion = 13.3.1;
						TestTargetID = 4EF9C6632819143D00BEF2B5;
					};
					4EF9C6832819143F00BEF2B5 = {
						CreatedOnToolsVersion = 13.3.1;
						TestTargetID = 4EF9C6632819143D00BEF2B5;
					};
				};
			};
			buildConfigurationList = 4EF9C65F2819143D00BEF2B5 /* Build configuration list for PBXProject "Bookworm" */;
			compatibilityVersion = "Xcode 13.0";
			developmentRegion = en;
			hasScannedForEncodings = 0;
			knownRegions = (
				en,
				Base,
			);
			mainGroup = 4EF9C65B2819143D00BEF2B5;
			productRefGroup = 4EF9C6652819143D00BEF2B5 /* Products */;
			projectDirPath = "";
			projectRoot = "";
			targets = (
				4EF9C6632819143D00BEF2B5 /* Bookworm */,
				4EF9C6792819143F00BEF2B5 /* BookwormTests */,
				4EF9C6832819143F00BEF2B5 /* BookwormUITests */,
			);
		};
/* End PBXProject section */

/* Begin PBXResourcesBuildPhase section */
		4EF9C6622819143D00BEF2B5 /* Resources */ = {
			isa = PBXResourcesBuildPhase;
			buildActionMask = 2147483647;
			files = (
				4EF9C6742819143F00BEF2B5 /* LaunchScreen.storyboard in Resources */,
				4E07DA3C281BA39D0097240E /* ReadingListCollectionViewCell.xib in Resources */,
				4EF9C6712819143F00BEF2B5 /* Assets.xcassets in Resources */,
				4E63ED35281964DC005C5754 /* tapBar.storyboard in Resources */,
				4EF9C66F2819143D00BEF2B5 /* Main.storyboard in Resources */,
			);
			runOnlyForDeploymentPostprocessing = 0;
		};
		4EF9C6782819143F00BEF2B5 /* Resources */ = {
			isa = PBXResourcesBuildPhase;
			buildActionMask = 2147483647;
			files = (
			);
			runOnlyForDeploymentPostprocessing = 0;
		};
		4EF9C6822819143F00BEF2B5 /* Resources */ = {
			isa = PBXResourcesBuildPhase;
			buildActionMask = 2147483647;
			files = (
			);
			runOnlyForDeploymentPostprocessing = 0;
		};
/* End PBXResourcesBuildPhase section */

/* Begin PBXSourcesBuildPhase section */
		4EF9C6602819143D00BEF2B5 /* Sources */ = {
			isa = PBXSourcesBuildPhase;
			buildActionMask = 2147483647;
			files = (
				4EF9C66C2819143D00BEF2B5 /* ViewController.swift in Sources */,
				4E07DA3E281BC93F0097240E /* FinishedCollectionViewController.swift in Sources */,
				4E07DA40281BC97D0097240E /* FinishedCollectionViewCell.swift in Sources */,
				4ECEC600281A9761007FAA87 /* InProgressCollectionViewCell.swift in Sources */,
				4ECEC604281AE4B3007FAA87 /* Book.swift in Sources */,
				4E07DA3B281BA39D0097240E /* ReadingListCollectionViewCell.swift in Sources */,
				4ECEC602281A9829007FAA87 /* InProgressCollectionViewController.swift in Sources */,
				4EF9C6682819143D00BEF2B5 /* AppDelegate.swift in Sources */,
				4EF9C66A2819143D00BEF2B5 /* SceneDelegate.swift in Sources */,
				4EB24BD128199744009A43A9 /* TableViewController.swift in Sources */,
			);
			runOnlyForDeploymentPostprocessing = 0;
		};
		4EF9C6762819143F00BEF2B5 /* Sources */ = {
			isa = PBXSourcesBuildPhase;
			buildActionMask = 2147483647;
			files = (
				4EF9C67F2819143F00BEF2B5 /* BookwormTests.swift in Sources */,
			);
			runOnlyForDeploymentPostprocessing = 0;
		};
		4EF9C6802819143F00BEF2B5 /* Sources */ = {
			isa = PBXSourcesBuildPhase;
			buildActionMask = 2147483647;
			files = (
				4EF9C68B2819143F00BEF2B5 /* BookwormUITestsLaunchTests.swift in Sources */,
				4EF9C6892819143F00BEF2B5 /* BookwormUITests.swift in Sources */,
			);
			runOnlyForDeploymentPostprocessing = 0;
		};
/* End PBXSourcesBuildPhase section */

/* Begin PBXTargetDependency section */
		4EF9C67C2819143F00BEF2B5 /* PBXTargetDependency */ = {
			isa = PBXTargetDependency;
			target = 4EF9C6632819143D00BEF2B5 /* Bookworm */;
			targetProxy = 4EF9C67B2819143F00BEF2B5 /* PBXContainerItemProxy */;
		};
		4EF9C6862819143F00BEF2B5 /* PBXTargetDependency */ = {
			isa = PBXTargetDependency;
			target = 4EF9C6632819143D00BEF2B5 /* Bookworm */;
			targetProxy = 4EF9C6852819143F00BEF2B5 /* PBXContainerItemProxy */;
		};
/* End PBXTargetDependency section */

/* Begin PBXVariantGroup section */
		4EF9C66D2819143D00BEF2B5 /* Main.storyboard */ = {
			isa = PBXVariantGroup;
			children = (
				4EF9C66E2819143D00BEF2B5 /* Base */,
			);
			name = Main.storyboard;
			sourceTree = "<group>";
		};
		4EF9C6722819143F00BEF2B5 /* LaunchScreen.storyboard */ = {
			isa = PBXVariantGroup;
			children = (
				4EF9C6732819143F00BEF2B5 /* Base */,
			);
			name = LaunchScreen.storyboard;
			sourceTree = "<group>";
		};
/* End PBXVariantGroup section */

/* Begin XCBuildConfiguration section */
		4EF9C68C2819143F00BEF2B5 /* Debug */ = {
			isa = XCBuildConfiguration;
			buildSettings = {
				ALWAYS_SEARCH_USER_PATHS = NO;
				CLANG_ANALYZER_NONNULL = YES;
				CLANG_ANALYZER_NUMBER_OBJECT_CONVERSION = YES_AGGRESSIVE;
				CLANG_CXX_LANGUAGE_STANDARD = "gnu++17";
				CLANG_ENABLE_MODULES = YES;
				CLANG_ENABLE_OBJC_ARC = YES;
				CLANG_ENABLE_OBJC_WEAK = YES;
				CLANG_WARN_BLOCK_CAPTURE_AUTORELEASING = YES;
				CLANG_WARN_BOOL_CONVERSION = YES;
				CLANG_WARN_COMMA = YES;
				CLANG_WARN_CONSTANT_CONVERSION = YES;
				CLANG_WARN_DEPRECATED_OBJC_IMPLEMENTATIONS = YES;
				CLANG_WARN_DIRECT_OBJC_ISA_USAGE = YES_ERROR;
				CLANG_WARN_DOCUMENTATION_COMMENTS = YES;
				CLANG_WARN_EMPTY_BODY = YES;
				CLANG_WARN_ENUM_CONVERSION = YES;
				CLANG_WARN_INFINITE_RECURSION = YES;
				CLANG_WARN_INT_CONVERSION = YES;
				CLANG_WARN_NON_LITERAL_NULL_CONVERSION = YES;
				CLANG_WARN_OBJC_IMPLICIT_RETAIN_SELF = YES;
				CLANG_WARN_OBJC_LITERAL_CONVERSION = YES;
				CLANG_WARN_OBJC_ROOT_CLASS = YES_ERROR;
				CLANG_WARN_QUOTED_INCLUDE_IN_FRAMEWORK_HEADER = YES;
				CLANG_WARN_RANGE_LOOP_ANALYSIS = YES;
				CLANG_WARN_STRICT_PROTOTYPES = YES;
				CLANG_WARN_SUSPICIOUS_MOVE = YES;
				CLANG_WARN_UNGUARDED_AVAILABILITY = YES_AGGRESSIVE;
				CLANG_WARN_UNREACHABLE_CODE = YES;
				CLANG_WARN__DUPLICATE_METHOD_MATCH = YES;
				COPY_PHASE_STRIP = NO;
				DEBUG_INFORMATION_FORMAT = dwarf;
				ENABLE_STRICT_OBJC_MSGSEND = YES;
				ENABLE_TESTABILITY = YES;
				GCC_C_LANGUAGE_STANDARD = gnu11;
				GCC_DYNAMIC_NO_PIC = NO;
				GCC_NO_COMMON_BLOCKS = YES;
				GCC_OPTIMIZATION_LEVEL = 0;
				GCC_PREPROCESSOR_DEFINITIONS = (
					"DEBUG=1",
					"$(inherited)",
				);
				GCC_WARN_64_TO_32_BIT_CONVERSION = YES;
				GCC_WARN_ABOUT_RETURN_TYPE = YES_ERROR;
				GCC_WARN_UNDECLARED_SELECTOR = YES;
				GCC_WARN_UNINITIALIZED_AUTOS = YES_AGGRESSIVE;
				GCC_WARN_UNUSED_FUNCTION = YES;
				GCC_WARN_UNUSED_VARIABLE = YES;
				IPHONEOS_DEPLOYMENT_TARGET = 15.4;
				MTL_ENABLE_DEBUG_INFO = INCLUDE_SOURCE;
				MTL_FAST_MATH = YES;
				ONLY_ACTIVE_ARCH = YES;
				SDKROOT = iphoneos;
				SWIFT_ACTIVE_COMPILATION_CONDITIONS = DEBUG;
				SWIFT_OPTIMIZATION_LEVEL = "-Onone";
			};
			name = Debug;
		};
		4EF9C68D2819143F00BEF2B5 /* Release */ = {
			isa = XCBuildConfiguration;
			buildSettings = {
				ALWAYS_SEARCH_USER_PATHS = NO;
				CLANG_ANALYZER_NONNULL = YES;
				CLANG_ANALYZER_NUMBER_OBJECT_CONVERSION = YES_AGGRESSIVE;
				CLANG_CXX_LANGUAGE_STANDARD = "gnu++17";
				CLANG_ENABLE_MODULES = YES;
				CLANG_ENABLE_OBJC_ARC = YES;
				CLANG_ENABLE_OBJC_WEAK = YES;
				CLANG_WARN_BLOCK_CAPTURE_AUTORELEASING = YES;
				CLANG_WARN_BOOL_CONVERSION = YES;
				CLANG_WARN_COMMA = YES;
				CLANG_WARN_CONSTANT_CONVERSION = YES;
				CLANG_WARN_DEPRECATED_OBJC_IMPLEMENTATIONS = YES;
				CLANG_WARN_DIRECT_OBJC_ISA_USAGE = YES_ERROR;
				CLANG_WARN_DOCUMENTATION_COMMENTS = YES;
				CLANG_WARN_EMPTY_BODY = YES;
				CLANG_WARN_ENUM_CONVERSION = YES;
				CLANG_WARN_INFINITE_RECURSION = YES;
				CLANG_WARN_INT_CONVERSION = YES;
				CLANG_WARN_NON_LITERAL_NULL_CONVERSION = YES;
				CLANG_WARN_OBJC_IMPLICIT_RETAIN_SELF = YES;
				CLANG_WARN_OBJC_LITERAL_CONVERSION = YES;
				CLANG_WARN_OBJC_ROOT_CLASS = YES_ERROR;
				CLANG_WARN_QUOTED_INCLUDE_IN_FRAMEWORK_HEADER = YES;
				CLANG_WARN_RANGE_LOOP_ANALYSIS = YES;
				CLANG_WARN_STRICT_PROTOTYPES = YES;
				CLANG_WARN_SUSPICIOUS_MOVE = YES;
				CLANG_WARN_UNGUARDED_AVAILABILITY = YES_AGGRESSIVE;
				CLANG_WARN_UNREACHABLE_CODE = YES;
				CLANG_WARN__DUPLICATE_METHOD_MATCH = YES;
				COPY_PHASE_STRIP = NO;
				DEBUG_INFORMATION_FORMAT = "dwarf-with-dsym";
				ENABLE_NS_ASSERTIONS = NO;
				ENABLE_STRICT_OBJC_MSGSEND = YES;
				GCC_C_LANGUAGE_STANDARD = gnu11;
				GCC_NO_COMMON_BLOCKS = YES;
				GCC_WARN_64_TO_32_BIT_CONVERSION = YES;
				GCC_WARN_ABOUT_RETURN_TYPE = YES_ERROR;
				GCC_WARN_UNDECLARED_SELECTOR = YES;
				GCC_WARN_UNINITIALIZED_AUTOS = YES_AGGRESSIVE;
				GCC_WARN_UNUSED_FUNCTION = YES;
				GCC_WARN_UNUSED_VARIABLE = YES;
				IPHONEOS_DEPLOYMENT_TARGET = 15.4;
				MTL_ENABLE_DEBUG_INFO = NO;
				MTL_FAST_MATH = YES;
				SDKROOT = iphoneos;
				SWIFT_COMPILATION_MODE = wholemodule;
				SWIFT_OPTIMIZATION_LEVEL = "-O";
				VALIDATE_PRODUCT = YES;
			};
			name = Release;
		};
		4EF9C68F2819143F00BEF2B5 /* Debug */ = {
			isa = XCBuildConfiguration;
			buildSettings = {
				ASSETCATALOG_COMPILER_APPICON_NAME = AppIcon;
				ASSETCATALOG_COMPILER_GLOBAL_ACCENT_COLOR_NAME = AccentColor;
				CODE_SIGN_STYLE = Automatic;
				CURRENT_PROJECT_VERSION = 1;
				DEVELOPMENT_TEAM = Y2G34Y582Q;
				GENERATE_INFOPLIST_FILE = YES;
				INFOPLIST_FILE = Bookworm/Info.plist;
				INFOPLIST_KEY_UIApplicationSupportsIndirectInputEvents = YES;
				INFOPLIST_KEY_UILaunchStoryboardName = LaunchScreen;
				INFOPLIST_KEY_UIMainStoryboardFile = Main;
				INFOPLIST_KEY_UISupportedInterfaceOrientations_iPad = "UIInterfaceOrientationPortrait UIInterfaceOrientationPortraitUpsideDown UIInterfaceOrientationLandscapeLeft UIInterfaceOrientationLandscapeRight";
				INFOPLIST_KEY_UISupportedInterfaceOrientations_iPhone = "UIInterfaceOrientationPortrait UIInterfaceOrientationLandscapeLeft UIInterfaceOrientationLandscapeRight";
				LD_RUNPATH_SEARCH_PATHS = (
					"$(inherited)",
					"@executable_path/Frameworks",
				);
				MARKETING_VERSION = 1.0;
				PRODUCT_BUNDLE_IDENTIFIER = wwdc.Bookworm;
				PRODUCT_NAME = "$(TARGET_NAME)";
				SWIFT_EMIT_LOC_STRINGS = YES;
				SWIFT_VERSION = 5.0;
				TARGETED_DEVICE_FAMILY = "1,2";
			};
			name = Debug;
		};
		4EF9C6902819143F00BEF2B5 /* Release */ = {
			isa = XCBuildConfiguration;
			buildSettings = {
				ASSETCATALOG_COMPILER_APPICON_NAME = AppIcon;
				ASSETCATALOG_COMPILER_GLOBAL_ACCENT_COLOR_NAME = AccentColor;
				CODE_SIGN_STYLE = Automatic;
				CURRENT_PROJECT_VERSION = 1;
				DEVELOPMENT_TEAM = Y2G34Y582Q;
				GENERATE_INFOPLIST_FILE = YES;
				INFOPLIST_FILE = Bookworm/Info.plist;
				INFOPLIST_KEY_UIApplicationSupportsIndirectInputEvents = YES;
				INFOPLIST_KEY_UILaunchStoryboardName = LaunchScreen;
				INFOPLIST_KEY_UIMainStoryboardFile = Main;
				INFOPLIST_KEY_UISupportedInterfaceOrientations_iPad = "UIInterfaceOrientationPortrait UIInterfaceOrientationPortraitUpsideDown UIInterfaceOrientationLandscapeLeft UIInterfaceOrientationLandscapeRight";
				INFOPLIST_KEY_UISupportedInterfaceOrientations_iPhone = "UIInterfaceOrientationPortrait UIInterfaceOrientationLandscapeLeft UIInterfaceOrientationLandscapeRight";
				LD_RUNPATH_SEARCH_PATHS = (
					"$(inherited)",
					"@executable_path/Frameworks",
				);
				MARKETING_VERSION = 1.0;
				PRODUCT_BUNDLE_IDENTIFIER = wwdc.Bookworm;
				PRODUCT_NAME = "$(TARGET_NAME)";
				SWIFT_EMIT_LOC_STRINGS = YES;
				SWIFT_VERSION = 5.0;
				TARGETED_DEVICE_FAMILY = "1,2";
			};
			name = Release;
		};
		4EF9C6922819143F00BEF2B5 /* Debug */ = {
			isa = XCBuildConfiguration;
			buildSettings = {
				ALWAYS_EMBED_SWIFT_STANDARD_LIBRARIES = YES;
				BUNDLE_LOADER = "$(TEST_HOST)";
				CODE_SIGN_STYLE = Automatic;
				CURRENT_PROJECT_VERSION = 1;
				DEVELOPMENT_TEAM = Y2G34Y582Q;
				GENERATE_INFOPLIST_FILE = YES;
				IPHONEOS_DEPLOYMENT_TARGET = 15.4;
				MARKETING_VERSION = 1.0;
				PRODUCT_BUNDLE_IDENTIFIER = wwdc.BookwormTests;
				PRODUCT_NAME = "$(TARGET_NAME)";
				SWIFT_EMIT_LOC_STRINGS = NO;
				SWIFT_VERSION = 5.0;
				TARGETED_DEVICE_FAMILY = "1,2";
				TEST_HOST = "$(BUILT_PRODUCTS_DIR)/Bookworm.app/Bookworm";
			};
			name = Debug;
		};
		4EF9C6932819143F00BEF2B5 /* Release */ = {
			isa = XCBuildConfiguration;
			buildSettings = {
				ALWAYS_EMBED_SWIFT_STANDARD_LIBRARIES = YES;
				BUNDLE_LOADER = "$(TEST_HOST)";
				CODE_SIGN_STYLE = Automatic;
				CURRENT_PROJECT_VERSION = 1;
				DEVELOPMENT_TEAM = Y2G34Y582Q;
				GENERATE_INFOPLIST_FILE = YES;
				IPHONEOS_DEPLOYMENT_TARGET = 15.4;
				MARKETING_VERSION = 1.0;
				PRODUCT_BUNDLE_IDENTIFIER = wwdc.BookwormTests;
				PRODUCT_NAME = "$(TARGET_NAME)";
				SWIFT_EMIT_LOC_STRINGS = NO;
				SWIFT_VERSION = 5.0;
				TARGETED_DEVICE_FAMILY = "1,2";
				TEST_HOST = "$(BUILT_PRODUCTS_DIR)/Bookworm.app/Bookworm";
			};
			name = Release;
		};
		4EF9C6952819143F00BEF2B5 /* Debug */ = {
			isa = XCBuildConfiguration;
			buildSettings = {
				ALWAYS_EMBED_SWIFT_STANDARD_LIBRARIES = YES;
				CODE_SIGN_STYLE = Automatic;
				CURRENT_PROJECT_VERSION = 1;
				DEVELOPMENT_TEAM = Y2G34Y582Q;
				GENERATE_INFOPLIST_FILE = YES;
				MARKETING_VERSION = 1.0;
				PRODUCT_BUNDLE_IDENTIFIER = wwdc.BookwormUITests;
				PRODUCT_NAME = "$(TARGET_NAME)";
				SWIFT_EMIT_LOC_STRINGS = NO;
				SWIFT_VERSION = 5.0;
				TARGETED_DEVICE_FAMILY = "1,2";
				TEST_TARGET_NAME = Bookworm;
			};
			name = Debug;
		};
		4EF9C6962819143F00BEF2B5 /* Release */ = {
			isa = XCBuildConfiguration;
			buildSettings = {
				ALWAYS_EMBED_SWIFT_STANDARD_LIBRARIES = YES;
				CODE_SIGN_STYLE = Automatic;
				CURRENT_PROJECT_VERSION = 1;
				DEVELOPMENT_TEAM = Y2G34Y582Q;
				GENERATE_INFOPLIST_FILE = YES;
				MARKETING_VERSION = 1.0;
				PRODUCT_BUNDLE_IDENTIFIER = wwdc.BookwormUITests;
				PRODUCT_NAME = "$(TARGET_NAME)";
				SWIFT_EMIT_LOC_STRINGS = NO;
				SWIFT_VERSION = 5.0;
				TARGETED_DEVICE_FAMILY = "1,2";
				TEST_TARGET_NAME = Bookworm;
			};
			name = Release;
		};
/* End XCBuildConfiguration section */

/* Begin XCConfigurationList section */
		4EF9C65F2819143D00BEF2B5 /* Build configuration list for PBXProject "Bookworm" */ = {
			isa = XCConfigurationList;
			buildConfigurations = (
				4EF9C68C2819143F00BEF2B5 /* Debug */,
				4EF9C68D2819143F00BEF2B5 /* Release */,
			);
			defaultConfigurationIsVisible = 0;
			defaultConfigurationName = Release;
		};
		4EF9C68E2819143F00BEF2B5 /* Build configuration list for PBXNativeTarget "Bookworm" */ = {
			isa = XCConfigurationList;
			buildConfigurations = (
				4EF9C68F2819143F00BEF2B5 /* Debug */,
				4EF9C6902819143F00BEF2B5 /* Release */,
			);
			defaultConfigurationIsVisible = 0;
			defaultConfigurationName = Release;
		};
		4EF9C6912819143F00BEF2B5 /* Build configuration list for PBXNativeTarget "BookwormTests" */ = {
			isa = XCConfigurationList;
			buildConfigurations = (
				4EF9C6922819143F00BEF2B5 /* Debug */,
				4EF9C6932819143F00BEF2B5 /* Release */,
			);
			defaultConfigurationIsVisible = 0;
			defaultConfigurationName = Release;
		};
		4EF9C6942819143F00BEF2B5 /* Build configuration list for PBXNativeTarget "BookwormUITests" */ = {
			isa = XCConfigurationList;
			buildConfigurations = (
				4EF9C6952819143F00BEF2B5 /* Debug */,
				4EF9C6962819143F00BEF2B5 /* Release */,
			);
			defaultConfigurationIsVisible = 0;
			defaultConfigurationName = Release;
		};
/* End XCConfigurationList section */
	};
	rootObject = 4EF9C65C2819143D00BEF2B5 /* Project object */;
}
